
Microsoft Visual Studio Solution File, Format Version 12.00
# Visual Studio Version 16
VisualStudioVersion = 16.0.31911.196
MinimumVisualStudioVersion = 10.0.40219.1
Project("{FAE04EC0-301F-11D3-BF4B-00C04F79EFBC}") = "EstructuraDeDatos", "EstructuraDeDatos\EstructuraDeDatos.csproj", "{236B0AD9-8FDC-4D9D-8233-687C5FFBD9A7}"
EndProject
Global
	GlobalSection(SolutionConfigurationPlatforms) = preSolution
		Debug|Any CPU = Debug|Any CPU
		Release|Any CPU = Release|Any CPU
	EndGlobalSection
	GlobalSection(ProjectConfigurationPlatforms) = postSolution
		{236B0AD9-8FDC-4D9D-8233-687C5FFBD9A7}.Debug|Any CPU.ActiveCfg = Debug|Any CPU
		{236B0AD9-8FDC-4D9D-8233-687C5FFBD9A7}.Debug|Any CPU.Build.0 = Debug|Any CPU
		{236B0AD9-8FDC-4D9D-8233-687C5FFBD9A7}.Release|Any CPU.ActiveCfg = Release|Any CPU
		{236B0AD9-8FDC-4D9D-8233-687C5FFBD9A7}.Release|Any CPU.Build.0 = Release|Any CPU
	EndGlobalSection
	GlobalSection(SolutionProperties) = preSolution
		HideSolutionNode = FALSE
	EndGlobalSection
	GlobalSection(ExtensibilityGlobals) = postSolution
		SolutionGuid = {FB8242EF-557B-4E52-BA6E-18068F973980}
	EndGlobalSection
EndGlobal
